
Microsoft Visual Studio Solution File, Format Version 12.00
# Visual Studio Version 17
VisualStudioVersion = 17.8.34408.163
MinimumVisualStudioVersion = 10.0.40219.1
Project("{9A19103F-16F7-4668-BE54-9A1E7A4F7556}") = "pureLogicCleanerAPI", "pureLogicCleanerAPI.csproj", "{E608F7F2-807A-4D3A-8B98-EDC857A128ED}"
EndProject
Global
	GlobalSection(SolutionConfigurationPlatforms) = preSolution
		Debug|Any CPU = Debug|Any CPU
		Release|Any CPU = Release|Any CPU
	EndGlobalSection
	GlobalSection(ProjectConfigurationPlatforms) = postSolution
		{E608F7F2-807A-4D3A-8B98-EDC857A128ED}.Debug|Any CPU.ActiveCfg = Debug|Any CPU
		{E608F7F2-807A-4D3A-8B98-EDC857A128ED}.Debug|Any CPU.Build.0 = Debug|Any CPU
		{E608F7F2-807A-4D3A-8B98-EDC857A128ED}.Release|Any CPU.ActiveCfg = Release|Any CPU
		{E608F7F2-807A-4D3A-8B98-EDC857A128ED}.Release|Any CPU.Build.0 = Release|Any CPU
	EndGlobalSection
	GlobalSection(SolutionProperties) = preSolution
		HideSolutionNode = FALSE
	EndGlobalSection
	GlobalSection(ExtensibilityGlobals) = postSolution
		SolutionGuid = {F4A6CD56-F75D-481D-A6D8-85557A9A0457}
	EndGlobalSection
EndGlobal
